
Microsoft Visual Studio Solution File, Format Version 12.00
# Visual Studio Version 17
VisualStudioVersion = 17.7.34031.279
MinimumVisualStudioVersion = 10.0.40219.1
Project("{9A19103F-16F7-4668-BE54-9A1E7A4F7556}") = "Kreta.Shared", "Kreta.Shared\Kreta.Shared.csproj", "{DAC59E6E-D338-4DCD-9DA6-A551ED746675}"
EndProject
Project("{9A19103F-16F7-4668-BE54-9A1E7A4F7556}") = "Kreta.Backend", "Kreta.Backend\Kreta.Backend.csproj", "{D1700B6E-CAFC-451D-AFA5-245CD7EDFDE9}"
EndProject
Project("{9A19103F-16F7-4668-BE54-9A1E7A4F7556}") = "Kreta.Desktop", "..\..\..\Users\gycsaba\Downloads\desktop-backend-osszekotes-main\Kreta.Desktop\Kreta.Desktop.csproj", "{E33D4762-6953-4800-9879-04B4290DE326}"
EndProject
Global
	GlobalSection(SolutionConfigurationPlatforms) = preSolution
		Debug|Any CPU = Debug|Any CPU
		Release|Any CPU = Release|Any CPU
	EndGlobalSection
	GlobalSection(ProjectConfigurationPlatforms) = postSolution
		{DAC59E6E-D338-4DCD-9DA6-A551ED746675}.Debug|Any CPU.ActiveCfg = Debug|Any CPU
		{DAC59E6E-D338-4DCD-9DA6-A551ED746675}.Debug|Any CPU.Build.0 = Debug|Any CPU
		{DAC59E6E-D338-4DCD-9DA6-A551ED746675}.Release|Any CPU.ActiveCfg = Release|Any CPU
		{DAC59E6E-D338-4DCD-9DA6-A551ED746675}.Release|Any CPU.Build.0 = Release|Any CPU
		{D1700B6E-CAFC-451D-AFA5-245CD7EDFDE9}.Debug|Any CPU.ActiveCfg = Debug|Any CPU
		{D1700B6E-CAFC-451D-AFA5-245CD7EDFDE9}.Debug|Any CPU.Build.0 = Debug|Any CPU
		{D1700B6E-CAFC-451D-AFA5-245CD7EDFDE9}.Release|Any CPU.ActiveCfg = Release|Any CPU
		{D1700B6E-CAFC-451D-AFA5-245CD7EDFDE9}.Release|Any CPU.Build.0 = Release|Any CPU
		{E33D4762-6953-4800-9879-04B4290DE326}.Debug|Any CPU.ActiveCfg = Debug|Any CPU
		{E33D4762-6953-4800-9879-04B4290DE326}.Debug|Any CPU.Build.0 = Debug|Any CPU
		{E33D4762-6953-4800-9879-04B4290DE326}.Release|Any CPU.ActiveCfg = Release|Any CPU
		{E33D4762-6953-4800-9879-04B4290DE326}.Release|Any CPU.Build.0 = Release|Any CPU
	EndGlobalSection
	GlobalSection(SolutionProperties) = preSolution
		HideSolutionNode = FALSE
	EndGlobalSection
	GlobalSection(ExtensibilityGlobals) = postSolution
		SolutionGuid = {9C179095-168D-4574-867F-FFE82F7891F9}
	EndGlobalSection
EndGlobal
